
Microsoft Visual Studio Solution File, Format Version 12.00
# Visual Studio Version 17
VisualStudioVersion = 17.3.32804.467
MinimumVisualStudioVersion = 10.0.40219.1
Project("{FAE04EC0-301F-11D3-BF4B-00C04F79EFBC}") = "TechnicalProof.Model", "TechnicalProof.Model\TechnicalProof.Model.csproj", "{84731229-E2D4-46C7-B954-527869470C41}"
EndProject
Project("{FAE04EC0-301F-11D3-BF4B-00C04F79EFBC}") = "TechnicalProof.Core", "TechnicalProof.Core\TechnicalProof.Core.csproj", "{116619C4-A345-4F1A-B092-D82F1096ED7D}"
EndProject
Project("{FAE04EC0-301F-11D3-BF4B-00C04F79EFBC}") = "TechnicalProof.UnitTest", "TechnicalProof.UnitTest\TechnicalProof.UnitTest.csproj", "{CFF88105-290B-4D6D-8461-EEFD71DD05BB}"
EndProject
Global
	GlobalSection(SolutionConfigurationPlatforms) = preSolution
		Debug|Any CPU = Debug|Any CPU
		Release|Any CPU = Release|Any CPU
	EndGlobalSection
	GlobalSection(ProjectConfigurationPlatforms) = postSolution
		{84731229-E2D4-46C7-B954-527869470C41}.Debug|Any CPU.ActiveCfg = Debug|Any CPU
		{84731229-E2D4-46C7-B954-527869470C41}.Debug|Any CPU.Build.0 = Debug|Any CPU
		{84731229-E2D4-46C7-B954-527869470C41}.Release|Any CPU.ActiveCfg = Release|Any CPU
		{84731229-E2D4-46C7-B954-527869470C41}.Release|Any CPU.Build.0 = Release|Any CPU
		{116619C4-A345-4F1A-B092-D82F1096ED7D}.Debug|Any CPU.ActiveCfg = Debug|Any CPU
		{116619C4-A345-4F1A-B092-D82F1096ED7D}.Debug|Any CPU.Build.0 = Debug|Any CPU
		{116619C4-A345-4F1A-B092-D82F1096ED7D}.Release|Any CPU.ActiveCfg = Release|Any CPU
		{116619C4-A345-4F1A-B092-D82F1096ED7D}.Release|Any CPU.Build.0 = Release|Any CPU
		{CFF88105-290B-4D6D-8461-EEFD71DD05BB}.Debug|Any CPU.ActiveCfg = Debug|Any CPU
		{CFF88105-290B-4D6D-8461-EEFD71DD05BB}.Debug|Any CPU.Build.0 = Debug|Any CPU
		{CFF88105-290B-4D6D-8461-EEFD71DD05BB}.Release|Any CPU.ActiveCfg = Release|Any CPU
		{CFF88105-290B-4D6D-8461-EEFD71DD05BB}.Release|Any CPU.Build.0 = Release|Any CPU
	EndGlobalSection
	GlobalSection(SolutionProperties) = preSolution
		HideSolutionNode = FALSE
	EndGlobalSection
	GlobalSection(ExtensibilityGlobals) = postSolution
		SolutionGuid = {5708E26A-3EFE-45D2-B64A-7031B4EDCF06}
	EndGlobalSection
EndGlobal
